// !$*UTF8*$!
{
	archiveVersion = 1;
	classes = {
	};
	objectVersion = 46;
	objects = {

/* Begin PBXBuildFile section */
		883B574E1CD08DFB00055363 /* AppDelegate.swift in Sources */ = {isa = PBXBuildFile; fileRef = 883B574D1CD08DFB00055363 /* AppDelegate.swift */; };
		883B57501CD08DFB00055363 /* ViewController.swift in Sources */ = {isa = PBXBuildFile; fileRef = 883B574F1CD08DFB00055363 /* ViewController.swift */; };
		883B57531CD08DFB00055363 /* Main.storyboard in Resources */ = {isa = PBXBuildFile; fileRef = 883B57511CD08DFB00055363 /* Main.storyboard */; };
		883B57551CD08DFB00055363 /* Assets.xcassets in Resources */ = {isa = PBXBuildFile; fileRef = 883B57541CD08DFB00055363 /* Assets.xcassets */; };
		883B57581CD08DFB00055363 /* LaunchScreen.storyboard in Resources */ = {isa = PBXBuildFile; fileRef = 883B57561CD08DFB00055363 /* LaunchScreen.storyboard */; };
		883B57631CD08E0000055363 /* MusicVideoTests.swift in Sources */ = {isa = PBXBuildFile; fileRef = 883B57621CD08E0000055363 /* MusicVideoTests.swift */; };
		883B576E1CD08E0000055363 /* MusicVideoUITests.swift in Sources */ = {isa = PBXBuildFile; fileRef = 883B576D1CD08E0000055363 /* MusicVideoUITests.swift */; };
		88BA41831CD37E6800DF3DF4 /* APIManager.swift in Sources */ = {isa = PBXBuildFile; fileRef = 88BA41821CD37E6800DF3DF4 /* APIManager.swift */; };
		EA2EBAFE1CE8B30C00286D72 /* Reachability.m in Sources */ = {isa = PBXBuildFile; fileRef = EA2EBAFD1CE8B30C00286D72 /* Reachability.m */; };
		EA390FAC1D11A21B002588D8 /* SettingsTVC.swift in Sources */ = {isa = PBXBuildFile; fileRef = EA390FAB1D11A21B002588D8 /* SettingsTVC.swift */; };
		EA4EBDAB1CF7118A00F499A4 /* MusicVideoTableViewCell.swift in Sources */ = {isa = PBXBuildFile; fileRef = EA4EBDAA1CF7118A00F499A4 /* MusicVideoTableViewCell.swift */; };
		EA71FA941D05E2230085ECB7 /* MusicVideoDetailVC.swift in Sources */ = {isa = PBXBuildFile; fileRef = EA71FA931D05E2230085ECB7 /* MusicVideoDetailVC.swift */; };
		EA78CD1D1CF363140008B1CD /* MusicVideoTVC.swift in Sources */ = {isa = PBXBuildFile; fileRef = EA78CD1C1CF363140008B1CD /* MusicVideoTVC.swift */; };
		EA857FBF1D184319001A5A19 /* aboutVC.swift in Sources */ = {isa = PBXBuildFile; fileRef = EA857FBE1D184319001A5A19 /* aboutVC.swift */; };
		EAC311161CDCEB0D009B6DE2 /* Constans.swift in Sources */ = {isa = PBXBuildFile; fileRef = EAC311151CDCEB0D009B6DE2 /* Constans.swift */; };
		EAC311181CDCEDFD009B6DE2 /* MusicVideo.swift in Sources */ = {isa = PBXBuildFile; fileRef = EAC311171CDCEDFD009B6DE2 /* MusicVideo.swift */; };
/* End PBXBuildFile section */

/* Begin PBXContainerItemProxy section */
		883B575F1CD08E0000055363 /* PBXContainerItemProxy */ = {
			isa = PBXContainerItemProxy;
			containerPortal = 883B57421CD08DF900055363 /* Project object */;
			proxyType = 1;
			remoteGlobalIDString = 883B57491CD08DF900055363;
			remoteInfo = MusicVideo;
		};
		883B576A1CD08E0000055363 /* PBXContainerItemProxy */ = {
			isa = PBXContainerItemProxy;
			containerPortal = 883B57421CD08DF900055363 /* Project object */;
			proxyType = 1;
			remoteGlobalIDString = 883B57491CD08DF900055363;
			remoteInfo = MusicVideo;
		};
/* End PBXContainerItemProxy section */

/* Begin PBXFileReference section */
		883B574A1CD08DFA00055363 /* MusicVideo.app */ = {isa = PBXFileReference; explicitFileType = wrapper.application; includeInIndex = 0; path = MusicVideo.app; sourceTree = BUILT_PRODUCTS_DIR; };
		883B574D1CD08DFB00055363 /* AppDelegate.swift */ = {isa = PBXFileReference; lastKnownFileType = sourcecode.swift; path = AppDelegate.swift; sourceTree = "<group>"; };
		883B574F1CD08DFB00055363 /* ViewController.swift */ = {isa = PBXFileReference; lastKnownFileType = sourcecode.swift; path = ViewController.swift; sourceTree = "<group>"; };
		883B57521CD08DFB00055363 /* Base */ = {isa = PBXFileReference; lastKnownFileType = file.storyboard; name = Base; path = Base.lproj/Main.storyboard; sourceTree = "<group>"; };
		883B57541CD08DFB00055363 /* Assets.xcassets */ = {isa = PBXFileReference; lastKnownFileType = folder.assetcatalog; path = Assets.xcassets; sourceTree = "<group>"; };
		883B57571CD08DFB00055363 /* Base */ = {isa = PBXFileReference; lastKnownFileType = file.storyboard; name = Base; path = Base.lproj/LaunchScreen.storyboard; sourceTree = "<group>"; };
		883B57591CD08DFB00055363 /* Info.plist */ = {isa = PBXFileReference; lastKnownFileType = text.plist.xml; path = Info.plist; sourceTree = "<group>"; };
		883B575E1CD08E0000055363 /* MusicVideoTests.xctest */ = {isa = PBXFileReference; explicitFileType = wrapper.cfbundle; includeInIndex = 0; path = MusicVideoTests.xctest; sourceTree = BUILT_PRODUCTS_DIR; };
		883B57621CD08E0000055363 /* MusicVideoTests.swift */ = {isa = PBXFileReference; lastKnownFileType = sourcecode.swift; path = MusicVideoTests.swift; sourceTree = "<group>"; };
		883B57641CD08E0000055363 /* Info.plist */ = {isa = PBXFileReference; lastKnownFileType = text.plist.xml; path = Info.plist; sourceTree = "<group>"; };
		883B57691CD08E0000055363 /* MusicVideoUITests.xctest */ = {isa = PBXFileReference; explicitFileType = wrapper.cfbundle; includeInIndex = 0; path = MusicVideoUITests.xctest; sourceTree = BUILT_PRODUCTS_DIR; };
		883B576D1CD08E0000055363 /* MusicVideoUITests.swift */ = {isa = PBXFileReference; lastKnownFileType = sourcecode.swift; path = MusicVideoUITests.swift; sourceTree = "<group>"; };
		883B576F1CD08E0000055363 /* Info.plist */ = {isa = PBXFileReference; lastKnownFileType = text.plist.xml; path = Info.plist; sourceTree = "<group>"; };
		88BA41821CD37E6800DF3DF4 /* APIManager.swift */ = {isa = PBXFileReference; fileEncoding = 4; lastKnownFileType = sourcecode.swift; path = APIManager.swift; sourceTree = "<group>"; };
		EA2EBAFB1CE8B30C00286D72 /* MusicVideo-Bridging-Header.h */ = {isa = PBXFileReference; lastKnownFileType = sourcecode.c.h; path = "MusicVideo-Bridging-Header.h"; sourceTree = "<group>"; };
		EA2EBAFC1CE8B30C00286D72 /* Reachability.h */ = {isa = PBXFileReference; fileEncoding = 4; lastKnownFileType = sourcecode.c.h; path = Reachability.h; sourceTree = "<group>"; };
		EA2EBAFD1CE8B30C00286D72 /* Reachability.m */ = {isa = PBXFileReference; fileEncoding = 4; lastKnownFileType = sourcecode.c.objc; path = Reachability.m; sourceTree = "<group>"; };
		EA390FAB1D11A21B002588D8 /* SettingsTVC.swift */ = {isa = PBXFileReference; fileEncoding = 4; lastKnownFileType = sourcecode.swift; path = SettingsTVC.swift; sourceTree = "<group>"; };
		EA4EBDAA1CF7118A00F499A4 /* MusicVideoTableViewCell.swift */ = {isa = PBXFileReference; fileEncoding = 4; lastKnownFileType = sourcecode.swift; path = MusicVideoTableViewCell.swift; sourceTree = "<group>"; };
		EA71FA931D05E2230085ECB7 /* MusicVideoDetailVC.swift */ = {isa = PBXFileReference; fileEncoding = 4; lastKnownFileType = sourcecode.swift; path = MusicVideoDetailVC.swift; sourceTree = "<group>"; };
		EA78CD1C1CF363140008B1CD /* MusicVideoTVC.swift */ = {isa = PBXFileReference; fileEncoding = 4; lastKnownFileType = sourcecode.swift; path = MusicVideoTVC.swift; sourceTree = "<group>"; };
		EA857FBE1D184319001A5A19 /* aboutVC.swift */ = {isa = PBXFileReference; fileEncoding = 4; lastKnownFileType = sourcecode.swift; path = aboutVC.swift; sourceTree = "<group>"; };
		EAC311151CDCEB0D009B6DE2 /* Constans.swift */ = {isa = PBXFileReference; fileEncoding = 4; lastKnownFileType = sourcecode.swift; path = Constans.swift; sourceTree = "<group>"; };
		EAC311171CDCEDFD009B6DE2 /* MusicVideo.swift */ = {isa = PBXFileReference; fileEncoding = 4; lastKnownFileType = sourcecode.swift; path = MusicVideo.swift; sourceTree = "<group>"; };
/* End PBXFileReference section */

/* Begin PBXFrameworksBuildPhase section */
		883B57471CD08DF900055363 /* Frameworks */ = {
			isa = PBXFrameworksBuildPhase;
			buildActionMask = 2147483647;
			files = (
			);
			runOnlyForDeploymentPostprocessing = 0;
		};
		883B575B1CD08E0000055363 /* Frameworks */ = {
			isa = PBXFrameworksBuildPhase;
			buildActionMask = 2147483647;
			files = (
			);
			runOnlyForDeploymentPostprocessing = 0;
		};
		883B57661CD08E0000055363 /* Frameworks */ = {
			isa = PBXFrameworksBuildPhase;
			buildActionMask = 2147483647;
			files = (
			);
			runOnlyForDeploymentPostprocessing = 0;
		};
/* End PBXFrameworksBuildPhase section */

/* Begin PBXGroup section */
		883B57411CD08DF900055363 = {
			isa = PBXGroup;
			children = (
				883B574C1CD08DFA00055363 /* MusicVideo */,
				883B57611CD08E0000055363 /* MusicVideoTests */,
				883B576C1CD08E0000055363 /* MusicVideoUITests */,
				883B574B1CD08DFA00055363 /* Products */,
			);
			sourceTree = "<group>";
		};
		883B574B1CD08DFA00055363 /* Products */ = {
			isa = PBXGroup;
			children = (
				883B574A1CD08DFA00055363 /* MusicVideo.app */,
				883B575E1CD08E0000055363 /* MusicVideoTests.xctest */,
				883B57691CD08E0000055363 /* MusicVideoUITests.xctest */,
			);
			name = Products;
			sourceTree = "<group>";
		};
		883B574C1CD08DFA00055363 /* MusicVideo */ = {
			isa = PBXGroup;
			children = (
				EA2EBAFA1CE8B16600286D72 /* Obj-C */,
				EAC311141CDCEAD9009B6DE2 /* Utils */,
				EA3C6F0E1CD271BE000ECB97 /* Supporting Files */,
				EA3C6F0B1CD27155000ECB97 /* Model */,
				EA3C6F0C1CD2715E000ECB97 /* Controller */,
				EA3C6F0D1CD27199000ECB97 /* View */,
			);
			path = MusicVideo;
			sourceTree = "<group>";
		};
		883B57611CD08E0000055363 /* MusicVideoTests */ = {
			isa = PBXGroup;
			children = (
				883B57621CD08E0000055363 /* MusicVideoTests.swift */,
				883B57641CD08E0000055363 /* Info.plist */,
			);
			path = MusicVideoTests;
			sourceTree = "<group>";
		};
		883B576C1CD08E0000055363 /* MusicVideoUITests */ = {
			isa = PBXGroup;
			children = (
				883B576D1CD08E0000055363 /* MusicVideoUITests.swift */,
				883B576F1CD08E0000055363 /* Info.plist */,
			);
			path = MusicVideoUITests;
			sourceTree = "<group>";
		};
		EA2EBAFA1CE8B16600286D72 /* Obj-C */ = {
			isa = PBXGroup;
			children = (
				EA2EBAFC1CE8B30C00286D72 /* Reachability.h */,
				EA2EBAFD1CE8B30C00286D72 /* Reachability.m */,
				EA2EBAFB1CE8B30C00286D72 /* MusicVideo-Bridging-Header.h */,
			);
			name = "Obj-C";
			sourceTree = "<group>";
		};
		EA3C6F0B1CD27155000ECB97 /* Model */ = {
			isa = PBXGroup;
			children = (
				88BA41821CD37E6800DF3DF4 /* APIManager.swift */,
				EAC311171CDCEDFD009B6DE2 /* MusicVideo.swift */,
			);
			name = Model;
			sourceTree = "<group>";
		};
		EA3C6F0C1CD2715E000ECB97 /* Controller */ = {
			isa = PBXGroup;
			children = (
				EA857FBE1D184319001A5A19 /* aboutVC.swift */,
				EA390FAB1D11A21B002588D8 /* SettingsTVC.swift */,
				EA78CD1C1CF363140008B1CD /* MusicVideoTVC.swift */,
				EA4EBDAA1CF7118A00F499A4 /* MusicVideoTableViewCell.swift */,
				EA71FA931D05E2230085ECB7 /* MusicVideoDetailVC.swift */,
				883B574F1CD08DFB00055363 /* ViewController.swift */,
			);
			name = Controller;
			sourceTree = "<group>";
		};
		EA3C6F0D1CD27199000ECB97 /* View */ = {
			isa = PBXGroup;
			children = (
				883B57511CD08DFB00055363 /* Main.storyboard */,
				883B57561CD08DFB00055363 /* LaunchScreen.storyboard */,
			);
			name = View;
			sourceTree = "<group>";
		};
		EA3C6F0E1CD271BE000ECB97 /* Supporting Files */ = {
			isa = PBXGroup;
			children = (
				883B574D1CD08DFB00055363 /* AppDelegate.swift */,
				883B57541CD08DFB00055363 /* Assets.xcassets */,
				883B57591CD08DFB00055363 /* Info.plist */,
			);
			name = "Supporting Files";
			sourceTree = "<group>";
		};
		EAC311141CDCEAD9009B6DE2 /* Utils */ = {
			isa = PBXGroup;
			children = (
				EAC311151CDCEB0D009B6DE2 /* Constans.swift */,
			);
			name = Utils;
			sourceTree = "<group>";
		};
/* End PBXGroup section */

/* Begin PBXNativeTarget section */
		883B57491CD08DF900055363 /* MusicVideo */ = {
			isa = PBXNativeTarget;
			buildConfigurationList = 883B57721CD08E0000055363 /* Build configuration list for PBXNativeTarget "MusicVideo" */;
			buildPhases = (
				883B57461CD08DF900055363 /* Sources */,
				883B57471CD08DF900055363 /* Frameworks */,
				883B57481CD08DF900055363 /* Resources */,
			);
			buildRules = (
			);
			dependencies = (
			);
			name = MusicVideo;
			productName = MusicVideo;
			productReference = 883B574A1CD08DFA00055363 /* MusicVideo.app */;
			productType = "com.apple.product-type.application";
		};
		883B575D1CD08E0000055363 /* MusicVideoTests */ = {
			isa = PBXNativeTarget;
			buildConfigurationList = 883B57751CD08E0000055363 /* Build configuration list for PBXNativeTarget "MusicVideoTests" */;
			buildPhases = (
				883B575A1CD08E0000055363 /* Sources */,
				883B575B1CD08E0000055363 /* Frameworks */,
				883B575C1CD08E0000055363 /* Resources */,
			);
			buildRules = (
			);
			dependencies = (
				883B57601CD08E0000055363 /* PBXTargetDependency */,
			);
			name = MusicVideoTests;
			productName = MusicVideoTests;
			productReference = 883B575E1CD08E0000055363 /* MusicVideoTests.xctest */;
			productType = "com.apple.product-type.bundle.unit-test";
		};
		883B57681CD08E0000055363 /* MusicVideoUITests */ = {
			isa = PBXNativeTarget;
			buildConfigurationList = 883B57781CD08E0000055363 /* Build configuration list for PBXNativeTarget "MusicVideoUITests" */;
			buildPhases = (
				883B57651CD08E0000055363 /* Sources */,
				883B57661CD08E0000055363 /* Frameworks */,
				883B57671CD08E0000055363 /* Resources */,
			);
			buildRules = (
			);
			dependencies = (
				883B576B1CD08E0000055363 /* PBXTargetDependency */,
			);
			name = MusicVideoUITests;
			productName = MusicVideoUITests;
			productReference = 883B57691CD08E0000055363 /* MusicVideoUITests.xctest */;
			productType = "com.apple.product-type.bundle.ui-testing";
		};
/* End PBXNativeTarget section */

/* Begin PBXProject section */
		883B57421CD08DF900055363 /* Project object */ = {
			isa = PBXProject;
			attributes = {
				LastSwiftUpdateCheck = 0730;
				LastUpgradeCheck = 0730;
				ORGANIZATIONNAME = olos;
				TargetAttributes = {
					883B57491CD08DF900055363 = {
						CreatedOnToolsVersion = 7.3;
						DevelopmentTeam = 7QC3F2UZ4T;
					};
					883B575D1CD08E0000055363 = {
						CreatedOnToolsVersion = 7.3;
						TestTargetID = 883B57491CD08DF900055363;
					};
					883B57681CD08E0000055363 = {
						CreatedOnToolsVersion = 7.3;
						TestTargetID = 883B57491CD08DF900055363;
					};
				};
			};
			buildConfigurationList = 883B57451CD08DF900055363 /* Build configuration list for PBXProject "MusicVideo" */;
			compatibilityVersion = "Xcode 3.2";
			developmentRegion = English;
			hasScannedForEncodings = 0;
			knownRegions = (
				en,
				Base,
			);
			mainGroup = 883B57411CD08DF900055363;
			productRefGroup = 883B574B1CD08DFA00055363 /* Products */;
			projectDirPath = "";
			projectRoot = "";
			targets = (
				883B57491CD08DF900055363 /* MusicVideo */,
				883B575D1CD08E0000055363 /* MusicVideoTests */,
				883B57681CD08E0000055363 /* MusicVideoUITests */,
			);
		};
/* End PBXProject section */

/* Begin PBXResourcesBuildPhase section */
		883B57481CD08DF900055363 /* Resources */ = {
			isa = PBXResourcesBuildPhase;
			buildActionMask = 2147483647;
			files = (
				883B57581CD08DFB00055363 /* LaunchScreen.storyboard in Resources */,
				883B57551CD08DFB00055363 /* Assets.xcassets in Resources */,
				883B57531CD08DFB00055363 /* Main.storyboard in Resources */,
			);
			runOnlyForDeploymentPostprocessing = 0;
		};
		883B575C1CD08E0000055363 /* Resources */ = {
			isa = PBXResourcesBuildPhase;
			buildActionMask = 2147483647;
			files = (
			);
			runOnlyForDeploymentPostprocessing = 0;
		};
		883B57671CD08E0000055363 /* Resources */ = {
			isa = PBXResourcesBuildPhase;
			buildActionMask = 2147483647;
			files = (
			);
			runOnlyForDeploymentPostprocessing = 0;
		};
/* End PBXResourcesBuildPhase section */

/* Begin PBXSourcesBuildPhase section */
		883B57461CD08DF900055363 /* Sources */ = {
			isa = PBXSourcesBuildPhase;
			buildActionMask = 2147483647;
			files = (
				EA857FBF1D184319001A5A19 /* aboutVC.swift in Sources */,
				88BA41831CD37E6800DF3DF4 /* APIManager.swift in Sources */,
				EA71FA941D05E2230085ECB7 /* MusicVideoDetailVC.swift in Sources */,
				883B57501CD08DFB00055363 /* ViewController.swift in Sources */,
				EAC311181CDCEDFD009B6DE2 /* MusicVideo.swift in Sources */,
				EA4EBDAB1CF7118A00F499A4 /* MusicVideoTableViewCell.swift in Sources */,
				EAC311161CDCEB0D009B6DE2 /* Constans.swift in Sources */,
				EA2EBAFE1CE8B30C00286D72 /* Reachability.m in Sources */,
				883B574E1CD08DFB00055363 /* AppDelegate.swift in Sources */,
				EA390FAC1D11A21B002588D8 /* SettingsTVC.swift in Sources */,
				EA78CD1D1CF363140008B1CD /* MusicVideoTVC.swift in Sources */,
			);
			runOnlyForDeploymentPostprocessing = 0;
		};
		883B575A1CD08E0000055363 /* Sources */ = {
			isa = PBXSourcesBuildPhase;
			buildActionMask = 2147483647;
			files = (
				883B57631CD08E0000055363 /* MusicVideoTests.swift in Sources */,
			);
			runOnlyForDeploymentPostprocessing = 0;
		};
		883B57651CD08E0000055363 /* Sources */ = {
			isa = PBXSourcesBuildPhase;
			buildActionMask = 2147483647;
			files = (
				883B576E1CD08E0000055363 /* MusicVideoUITests.swift in Sources */,
			);
			runOnlyForDeploymentPostprocessing = 0;
		};
/* End PBXSourcesBuildPhase section */

/* Begin PBXTargetDependency section */
		883B57601CD08E0000055363 /* PBXTargetDependency */ = {
			isa = PBXTargetDependency;
			target = 883B57491CD08DF900055363 /* MusicVideo */;
			targetProxy = 883B575F1CD08E0000055363 /* PBXContainerItemProxy */;
		};
		883B576B1CD08E0000055363 /* PBXTargetDependency */ = {
			isa = PBXTargetDependency;
			target = 883B57491CD08DF900055363 /* MusicVideo */;
			targetProxy = 883B576A1CD08E0000055363 /* PBXContainerItemProxy */;
		};
/* End PBXTargetDependency section */

/* Begin PBXVariantGroup section */
		883B57511CD08DFB00055363 /* Main.storyboard */ = {
			isa = PBXVariantGroup;
			children = (
				883B57521CD08DFB00055363 /* Base */,
			);
			name = Main.storyboard;
			sourceTree = "<group>";
		};
		883B57561CD08DFB00055363 /* LaunchScreen.storyboard */ = {
			isa = PBXVariantGroup;
			children = (
				883B57571CD08DFB00055363 /* Base */,
			);
			name = LaunchScreen.storyboard;
			sourceTree = "<group>";
		};
/* End PBXVariantGroup section */

/* Begin XCBuildConfiguration section */
		883B57701CD08E0000055363 /* Debug */ = {
			isa = XCBuildConfiguration;
			buildSettings = {
				ALWAYS_SEARCH_USER_PATHS = NO;
				CLANG_ANALYZER_NONNULL = YES;
				CLANG_CXX_LANGUAGE_STANDARD = "gnu++0x";
				CLANG_CXX_LIBRARY = "libc++";
				CLANG_ENABLE_MODULES = YES;
				CLANG_ENABLE_OBJC_ARC = YES;
				CLANG_WARN_BOOL_CONVERSION = YES;
				CLANG_WARN_CONSTANT_CONVERSION = YES;
				CLANG_WARN_DIRECT_OBJC_ISA_USAGE = YES_ERROR;
				CLANG_WARN_EMPTY_BODY = YES;
				CLANG_WARN_ENUM_CONVERSION = YES;
				CLANG_WARN_INT_CONVERSION = YES;
				CLANG_WARN_OBJC_ROOT_CLASS = YES_ERROR;
				CLANG_WARN_UNREACHABLE_CODE = YES;
				CLANG_WARN__DUPLICATE_METHOD_MATCH = YES;
				"CODE_SIGN_IDENTITY[sdk=iphoneos*]" = "iPhone Developer";
				COPY_PHASE_STRIP = NO;
				DEBUG_INFORMATION_FORMAT = dwarf;
				ENABLE_STRICT_OBJC_MSGSEND = YES;
				ENABLE_TESTABILITY = YES;
				GCC_C_LANGUAGE_STANDARD = gnu99;
				GCC_DYNAMIC_NO_PIC = NO;
				GCC_NO_COMMON_BLOCKS = YES;
				GCC_OPTIMIZATION_LEVEL = 0;
				GCC_PREPROCESSOR_DEFINITIONS = (
					"DEBUG=1",
					"$(inherited)",
				);
				GCC_WARN_64_TO_32_BIT_CONVERSION = YES;
				GCC_WARN_ABOUT_RETURN_TYPE = YES_ERROR;
				GCC_WARN_UNDECLARED_SELECTOR = YES;
				GCC_WARN_UNINITIALIZED_AUTOS = YES_AGGRESSIVE;
				GCC_WARN_UNUSED_FUNCTION = YES;
				GCC_WARN_UNUSED_VARIABLE = YES;
				IPHONEOS_DEPLOYMENT_TARGET = 9.3;
				MTL_ENABLE_DEBUG_INFO = YES;
				ONLY_ACTIVE_ARCH = YES;
				SDKROOT = iphoneos;
				SWIFT_OPTIMIZATION_LEVEL = "-Onone";
			};
			name = Debug;
		};
		883B57711CD08E0000055363 /* Release */ = {
			isa = XCBuildConfiguration;
			buildSettings = {
				ALWAYS_SEARCH_USER_PATHS = NO;
				CLANG_ANALYZER_NONNULL = YES;
				CLANG_CXX_LANGUAGE_STANDARD = "gnu++0x";
				CLANG_CXX_LIBRARY = "libc++";
				CLANG_ENABLE_MODULES = YES;
				CLANG_ENABLE_OBJC_ARC = YES;
				CLANG_WARN_BOOL_CONVERSION = YES;
				CLANG_WARN_CONSTANT_CONVERSION = YES;
				CLANG_WARN_DIRECT_OBJC_ISA_USAGE = YES_ERROR;
				CLANG_WARN_EMPTY_BODY = YES;
				CLANG_WARN_ENUM_CONVERSION = YES;
				CLANG_WARN_INT_CONVERSION = YES;
				CLANG_WARN_OBJC_ROOT_CLASS = YES_ERROR;
				CLANG_WARN_UNREACHABLE_CODE = YES;
				CLANG_WARN__DUPLICATE_METHOD_MATCH = YES;
				"CODE_SIGN_IDENTITY[sdk=iphoneos*]" = "iPhone Developer";
				COPY_PHASE_STRIP = NO;
				DEBUG_INFORMATION_FORMAT = "dwarf-with-dsym";
				ENABLE_NS_ASSERTIONS = NO;
				ENABLE_STRICT_OBJC_MSGSEND = YES;
				GCC_C_LANGUAGE_STANDARD = gnu99;
				GCC_NO_COMMON_BLOCKS = YES;
				GCC_WARN_64_TO_32_BIT_CONVERSION = YES;
				GCC_WARN_ABOUT_RETURN_TYPE = YES_ERROR;
				GCC_WARN_UNDECLARED_SELECTOR = YES;
				GCC_WARN_UNINITIALIZED_AUTOS = YES_AGGRESSIVE;
				GCC_WARN_UNUSED_FUNCTION = YES;
				GCC_WARN_UNUSED_VARIABLE = YES;
				IPHONEOS_DEPLOYMENT_TARGET = 9.3;
				MTL_ENABLE_DEBUG_INFO = NO;
				SDKROOT = iphoneos;
				VALIDATE_PRODUCT = YES;
			};
			name = Release;
		};
		883B57731CD08E0000055363 /* Debug */ = {
			isa = XCBuildConfiguration;
			buildSettings = {
				ASSETCATALOG_COMPILER_APPICON_NAME = AppIcon;
				CLANG_ENABLE_MODULES = YES;
				CODE_SIGN_IDENTITY = "iPhone Developer";
				INFOPLIST_FILE = MusicVideo/Info.plist;
				LD_RUNPATH_SEARCH_PATHS = "$(inherited) @executable_path/Frameworks";
				PRODUCT_BUNDLE_IDENTIFIER = eDEAL.MusicVideo;
				PRODUCT_NAME = "$(TARGET_NAME)";
				SWIFT_OBJC_BRIDGING_HEADER = "MusicVideo/MusicVideo-Bridging-Header.h";
				SWIFT_OPTIMIZATION_LEVEL = "-Onone";
			};
			name = Debug;
		};
		883B57741CD08E0000055363 /* Release */ = {
			isa = XCBuildConfiguration;
			buildSettings = {
				ASSETCATALOG_COMPILER_APPICON_NAME = AppIcon;
				CLANG_ENABLE_MODULES = YES;
				CODE_SIGN_IDENTITY = "iPhone Developer";
				INFOPLIST_FILE = MusicVideo/Info.plist;
				LD_RUNPATH_SEARCH_PATHS = "$(inherited) @executable_path/Frameworks";
				PRODUCT_BUNDLE_IDENTIFIER = eDEAL.MusicVideo;
				PRODUCT_NAME = "$(TARGET_NAME)";
				SWIFT_OBJC_BRIDGING_HEADER = "MusicVideo/MusicVideo-Bridging-Header.h";
			};
			name = Release;
		};
		883B57761CD08E0000055363 /* Debug */ = {
			isa = XCBuildConfiguration;
			buildSettings = {
				BUNDLE_LOADER = "$(TEST_HOST)";
				INFOPLIST_FILE = MusicVideoTests/Info.plist;
				LD_RUNPATH_SEARCH_PATHS = "$(inherited) @executable_path/Frameworks @loader_path/Frameworks";
				PRODUCT_BUNDLE_IDENTIFIER = eDEAL.MusicVideoTests;
				PRODUCT_NAME = "$(TARGET_NAME)";
				TEST_HOST = "$(BUILT_PRODUCTS_DIR)/MusicVideo.app/MusicVideo";
			};
			name = Debug;
		};
		883B57771CD08E0000055363 /* Release */ = {
			isa = XCBuildConfiguration;
			buildSettings = {
				BUNDLE_LOADER = "$(TEST_HOST)";
				INFOPLIST_FILE = MusicVideoTests/Info.plist;
				LD_RUNPATH_SEARCH_PATHS = "$(inherited) @executable_path/Frameworks @loader_path/Frameworks";
				PRODUCT_BUNDLE_IDENTIFIER = eDEAL.MusicVideoTests;
				PRODUCT_NAME = "$(TARGET_NAME)";
				TEST_HOST = "$(BUILT_PRODUCTS_DIR)/MusicVideo.app/MusicVideo";
			};
			name = Release;
		};
		883B57791CD08E0000055363 /* Debug */ = {
			isa = XCBuildConfiguration;
			buildSettings = {
				INFOPLIST_FILE = MusicVideoUITests/Info.plist;
				LD_RUNPATH_SEARCH_PATHS = "$(inherited) @executable_path/Frameworks @loader_path/Frameworks";
				PRODUCT_BUNDLE_IDENTIFIER = eDEAL.MusicVideoUITests;
				PRODUCT_NAME = "$(TARGET_NAME)";
				TEST_TARGET_NAME = MusicVideo;
			};
			name = Debug;
		};
		883B577A1CD08E0000055363 /* Release */ = {
			isa = XCBuildConfiguration;
			buildSettings = {
				INFOPLIST_FILE = MusicVideoUITests/Info.plist;
				LD_RUNPATH_SEARCH_PATHS = "$(inherited) @executable_path/Frameworks @loader_path/Frameworks";
				PRODUCT_BUNDLE_IDENTIFIER = eDEAL.MusicVideoUITests;
				PRODUCT_NAME = "$(TARGET_NAME)";
				TEST_TARGET_NAME = MusicVideo;
			};
			name = Release;
		};
/* End XCBuildConfiguration section */

/* Begin XCConfigurationList section */
		883B57451CD08DF900055363 /* Build configuration list for PBXProject "MusicVideo" */ = {
			isa = XCConfigurationList;
			buildConfigurations = (
				883B57701CD08E0000055363 /* Debug */,
				883B57711CD08E0000055363 /* Release */,
			);
			defaultConfigurationIsVisible = 0;
			defaultConfigurationName = Release;
		};
		883B57721CD08E0000055363 /* Build configuration list for PBXNativeTarget "MusicVideo" */ = {
			isa = XCConfigurationList;
			buildConfigurations = (
				883B57731CD08E0000055363 /* Debug */,
				883B57741CD08E0000055363 /* Release */,
			);
			defaultConfigurationIsVisible = 0;
			defaultConfigurationName = Release;
		};
		883B57751CD08E0000055363 /* Build configuration list for PBXNativeTarget "MusicVideoTests" */ = {
			isa = XCConfigurationList;
			buildConfigurations = (
				883B57761CD08E0000055363 /* Debug */,
				883B57771CD08E0000055363 /* Release */,
			);
			defaultConfigurationIsVisible = 0;
			defaultConfigurationName = Release;
		};
		883B57781CD08E0000055363 /* Build configuration list for PBXNativeTarget "MusicVideoUITests" */ = {
			isa = XCConfigurationList;
			buildConfigurations = (
				883B57791CD08E0000055363 /* Debug */,
				883B577A1CD08E0000055363 /* Release */,
			);
			defaultConfigurationIsVisible = 0;
			defaultConfigurationName = Release;
		};
/* End XCConfigurationList section */
	};
	rootObject = 883B57421CD08DF900055363 /* Project object */;
}
